// !$*UTF8*$!
{
	archiveVersion = 1;
	classes = {
	};
	objectVersion = 56;
	objects = {

/* Begin PBXBuildFile section */
		F303F9362C3FD20500E9A6FA /* AppDelegate.swift in Sources */ = {isa = PBXBuildFile; fileRef = F303F9352C3FD20500E9A6FA /* AppDelegate.swift */; };
		F303F9382C3FD20500E9A6FA /* ContentView.swift in Sources */ = {isa = PBXBuildFile; fileRef = F303F9372C3FD20500E9A6FA /* ContentView.swift */; };
		F303F93A2C3FD20800E9A6FA /* Assets.xcassets in Resources */ = {isa = PBXBuildFile; fileRef = F303F9392C3FD20800E9A6FA /* Assets.xcassets */; };
		F303F93D2C3FD20800E9A6FA /* Preview Assets.xcassets in Resources */ = {isa = PBXBuildFile; fileRef = F303F93C2C3FD20800E9A6FA /* Preview Assets.xcassets */; };
		F303F9492C3FD2CB00E9A6FA /* DSC_0117.JPG in Resources */ = {isa = PBXBuildFile; fileRef = F303F9432C3FD2CB00E9A6FA /* DSC_0117.JPG */; };
		F303F94A2C3FD2CB00E9A6FA /* DSC_0003.JPG in Resources */ = {isa = PBXBuildFile; fileRef = F303F9442C3FD2CB00E9A6FA /* DSC_0003.JPG */; };
		F303F94B2C3FD2CB00E9A6FA /* cover.jpg in Resources */ = {isa = PBXBuildFile; fileRef = F303F9452C3FD2CB00E9A6FA /* cover.jpg */; };
		F303F94C2C3FD2CB00E9A6FA /* DSC_0171.JPG in Resources */ = {isa = PBXBuildFile; fileRef = F303F9462C3FD2CB00E9A6FA /* DSC_0171.JPG */; };
		F303F94D2C3FD2CB00E9A6FA /* lola.png in Resources */ = {isa = PBXBuildFile; fileRef = F303F9472C3FD2CB00E9A6FA /* lola.png */; };
		F303F94E2C3FD2CB00E9A6FA /* purple_flower.png in Resources */ = {isa = PBXBuildFile; fileRef = F303F9482C3FD2CB00E9A6FA /* purple_flower.png */; };
/* End PBXBuildFile section */

/* Begin PBXFileReference section */
		F303F9322C3FD20500E9A6FA /* ImageTextureMaterial.app */ = {isa = PBXFileReference; explicitFileType = wrapper.application; includeInIndex = 0; path = ImageTextureMaterial.app; sourceTree = BUILT_PRODUCTS_DIR; };
		F303F9352C3FD20500E9A6FA /* AppDelegate.swift */ = {isa = PBXFileReference; lastKnownFileType = sourcecode.swift; path = AppDelegate.swift; sourceTree = "<group>"; };
		F303F9372C3FD20500E9A6FA /* ContentView.swift */ = {isa = PBXFileReference; lastKnownFileType = sourcecode.swift; path = ContentView.swift; sourceTree = "<group>"; };
		F303F9392C3FD20800E9A6FA /* Assets.xcassets */ = {isa = PBXFileReference; lastKnownFileType = folder.assetcatalog; path = Assets.xcassets; sourceTree = "<group>"; };
		F303F93C2C3FD20800E9A6FA /* Preview Assets.xcassets */ = {isa = PBXFileReference; lastKnownFileType = folder.assetcatalog; path = "Preview Assets.xcassets"; sourceTree = "<group>"; };
		F303F9432C3FD2CB00E9A6FA /* DSC_0117.JPG */ = {isa = PBXFileReference; lastKnownFileType = image.jpeg; path = DSC_0117.JPG; sourceTree = "<group>"; };
		F303F9442C3FD2CB00E9A6FA /* DSC_0003.JPG */ = {isa = PBXFileReference; lastKnownFileType = image.jpeg; path = DSC_0003.JPG; sourceTree = "<group>"; };
		F303F9452C3FD2CB00E9A6FA /* cover.jpg */ = {isa = PBXFileReference; lastKnownFileType = image.jpeg; path = cover.jpg; sourceTree = "<group>"; };
		F303F9462C3FD2CB00E9A6FA /* DSC_0171.JPG */ = {isa = PBXFileReference; lastKnownFileType = image.jpeg; path = DSC_0171.JPG; sourceTree = "<group>"; };
		F303F9472C3FD2CB00E9A6FA /* lola.png */ = {isa = PBXFileReference; lastKnownFileType = image.png; path = lola.png; sourceTree = "<group>"; };
		F303F9482C3FD2CB00E9A6FA /* purple_flower.png */ = {isa = PBXFileReference; lastKnownFileType = image.png; path = purple_flower.png; sourceTree = "<group>"; };
/* End PBXFileReference section */

/* Begin PBXFrameworksBuildPhase section */
		F303F92F2C3FD20500E9A6FA /* Frameworks */ = {
			isa = PBXFrameworksBuildPhase;
			buildActionMask = 2147483647;
			files = (
			);
			runOnlyForDeploymentPostprocessing = 0;
		};
/* End PBXFrameworksBuildPhase section */

/* Begin PBXGroup section */
		F303F9292C3FD20500E9A6FA = {
			isa = PBXGroup;
			children = (
				F303F9342C3FD20500E9A6FA /* ImageTextureMaterial */,
				F303F9332C3FD20500E9A6FA /* Products */,
			);
			sourceTree = "<group>";
		};
		F303F9332C3FD20500E9A6FA /* Products */ = {
			isa = PBXGroup;
			children = (
				F303F9322C3FD20500E9A6FA /* ImageTextureMaterial.app */,
			);
			name = Products;
			sourceTree = "<group>";
		};
		F303F9342C3FD20500E9A6FA /* ImageTextureMaterial */ = {
			isa = PBXGroup;
			children = (
				F303F9352C3FD20500E9A6FA /* AppDelegate.swift */,
				F303F9372C3FD20500E9A6FA /* ContentView.swift */,
				F303F9452C3FD2CB00E9A6FA /* cover.jpg */,
				F303F9442C3FD2CB00E9A6FA /* DSC_0003.JPG */,
				F303F9432C3FD2CB00E9A6FA /* DSC_0117.JPG */,
				F303F9462C3FD2CB00E9A6FA /* DSC_0171.JPG */,
				F303F9472C3FD2CB00E9A6FA /* lola.png */,
				F303F9482C3FD2CB00E9A6FA /* purple_flower.png */,
				F303F9392C3FD20800E9A6FA /* Assets.xcassets */,
				F303F93B2C3FD20800E9A6FA /* Preview Content */,
			);
			path = ImageTextureMaterial;
			sourceTree = "<group>";
		};
		F303F93B2C3FD20800E9A6FA /* Preview Content */ = {
			isa = PBXGroup;
			children = (
				F303F93C2C3FD20800E9A6FA /* Preview Assets.xcassets */,
			);
			path = "Preview Content";
			sourceTree = "<group>";
		};
/* End PBXGroup section */

/* Begin PBXNativeTarget section */
		F303F9312C3FD20500E9A6FA /* ImageTextureMaterial */ = {
			isa = PBXNativeTarget;
			buildConfigurationList = F303F9402C3FD20800E9A6FA /* Build configuration list for PBXNativeTarget "ImageTextureMaterial" */;
			buildPhases = (
				F303F92E2C3FD20500E9A6FA /* Sources */,
				F303F92F2C3FD20500E9A6FA /* Frameworks */,
				F303F9302C3FD20500E9A6FA /* Resources */,
			);
			buildRules = (
			);
			dependencies = (
			);
			name = ImageTextureMaterial;
			productName = ImageTextureMaterial;
			productReference = F303F9322C3FD20500E9A6FA /* ImageTextureMaterial.app */;
			productType = "com.apple.product-type.application";
		};
/* End PBXNativeTarget section */

/* Begin PBXProject section */
		F303F92A2C3FD20500E9A6FA /* Project object */ = {
			isa = PBXProject;
			attributes = {
				BuildIndependentTargetsInParallel = 1;
				LastSwiftUpdateCheck = 1540;
				LastUpgradeCheck = 1540;
				TargetAttributes = {
					F303F9312C3FD20500E9A6FA = {
						CreatedOnToolsVersion = 15.4;
					};
				};
			};
			buildConfigurationList = F303F92D2C3FD20500E9A6FA /* Build configuration list for PBXProject "ImageTextureMaterial" */;
			compatibilityVersion = "Xcode 14.0";
			developmentRegion = en;
			hasScannedForEncodings = 0;
			knownRegions = (
				en,
				Base,
			);
			mainGroup = F303F9292C3FD20500E9A6FA;
			productRefGroup = F303F9332C3FD20500E9A6FA /* Products */;
			projectDirPath = "";
			projectRoot = "";
			targets = (
				F303F9312C3FD20500E9A6FA /* ImageTextureMaterial */,
			);
		};
/* End PBXProject section */

/* Begin PBXResourcesBuildPhase section */
		F303F9302C3FD20500E9A6FA /* Resources */ = {
			isa = PBXResourcesBuildPhase;
			buildActionMask = 2147483647;
			files = (
				F303F9492C3FD2CB00E9A6FA /* DSC_0117.JPG in Resources */,
				F303F93D2C3FD20800E9A6FA /* Preview Assets.xcassets in Resources */,
				F303F94E2C3FD2CB00E9A6FA /* purple_flower.png in Resources */,
				F303F94B2C3FD2CB00E9A6FA /* cover.jpg in Resources */,
				F303F94C2C3FD2CB00E9A6FA /* DSC_0171.JPG in Resources */,
				F303F93A2C3FD20800E9A6FA /* Assets.xcassets in Resources */,
				F303F94A2C3FD2CB00E9A6FA /* DSC_0003.JPG in Resources */,
				F303F94D2C3FD2CB00E9A6FA /* lola.png in Resources */,
			);
			runOnlyForDeploymentPostprocessing = 0;
		};
/* End PBXResourcesBuildPhase section */

/* Begin PBXSourcesBuildPhase section */
		F303F92E2C3FD20500E9A6FA /* Sources */ = {
			isa = PBXSourcesBuildPhase;
			buildActionMask = 2147483647;
			files = (
				F303F9382C3FD20500E9A6FA /* ContentView.swift in Sources */,
				F303F9362C3FD20500E9A6FA /* AppDelegate.swift in Sources */,
			);
			runOnlyForDeploymentPostprocessing = 0;
		};
/* End PBXSourcesBuildPhase section */

/* Begin XCBuildConfiguration section */
		F303F93E2C3FD20800E9A6FA /* Debug */ = {
			isa = XCBuildConfiguration;
			buildSettings = {
				ALWAYS_SEARCH_USER_PATHS = NO;
				ASSETCATALOG_COMPILER_GENERATE_SWIFT_ASSET_SYMBOL_EXTENSIONS = YES;
				CLANG_ANALYZER_NONNULL = YES;
				CLANG_ANALYZER_NUMBER_OBJECT_CONVERSION = YES_AGGRESSIVE;
				CLANG_CXX_LANGUAGE_STANDARD = "gnu++20";
				CLANG_ENABLE_MODULES = YES;
				CLANG_ENABLE_OBJC_ARC = YES;
				CLANG_ENABLE_OBJC_WEAK = YES;
				CLANG_WARN_BLOCK_CAPTURE_AUTORELEASING = YES;
				CLANG_WARN_BOOL_CONVERSION = YES;
				CLANG_WARN_COMMA = YES;
				CLANG_WARN_CONSTANT_CONVERSION = YES;
				CLANG_WARN_DEPRECATED_OBJC_IMPLEMENTATIONS = YES;
				CLANG_WARN_DIRECT_OBJC_ISA_USAGE = YES_ERROR;
				CLANG_WARN_DOCUMENTATION_COMMENTS = YES;
				CLANG_WARN_EMPTY_BODY = YES;
				CLANG_WARN_ENUM_CONVERSION = YES;
				CLANG_WARN_INFINITE_RECURSION = YES;
				CLANG_WARN_INT_CONVERSION = YES;
				CLANG_WARN_NON_LITERAL_NULL_CONVERSION = YES;
				CLANG_WARN_OBJC_IMPLICIT_RETAIN_SELF = YES;
				CLANG_WARN_OBJC_LITERAL_CONVERSION = YES;
				CLANG_WARN_OBJC_ROOT_CLASS = YES_ERROR;
				CLANG_WARN_QUOTED_INCLUDE_IN_FRAMEWORK_HEADER = YES;
				CLANG_WARN_RANGE_LOOP_ANALYSIS = YES;
				CLANG_WARN_STRICT_PROTOTYPES = YES;
				CLANG_WARN_SUSPICIOUS_MOVE = YES;
				CLANG_WARN_UNGUARDED_AVAILABILITY = YES_AGGRESSIVE;
				CLANG_WARN_UNREACHABLE_CODE = YES;
				CLANG_WARN__DUPLICATE_METHOD_MATCH = YES;
				COPY_PHASE_STRIP = NO;
				DEBUG_INFORMATION_FORMAT = dwarf;
				ENABLE_STRICT_OBJC_MSGSEND = YES;
				ENABLE_TESTABILITY = YES;
				ENABLE_USER_SCRIPT_SANDBOXING = YES;
				GCC_C_LANGUAGE_STANDARD = gnu17;
				GCC_DYNAMIC_NO_PIC = NO;
				GCC_NO_COMMON_BLOCKS = YES;
				GCC_OPTIMIZATION_LEVEL = 0;
				GCC_PREPROCESSOR_DEFINITIONS = (
					"DEBUG=1",
					"$(inherited)",
				);
				GCC_WARN_64_TO_32_BIT_CONVERSION = YES;
				GCC_WARN_ABOUT_RETURN_TYPE = YES_ERROR;
				GCC_WARN_UNDECLARED_SELECTOR = YES;
				GCC_WARN_UNINITIALIZED_AUTOS = YES_AGGRESSIVE;
				GCC_WARN_UNUSED_FUNCTION = YES;
				GCC_WARN_UNUSED_VARIABLE = YES;
				IPHONEOS_DEPLOYMENT_TARGET = 17.5;
				LOCALIZATION_PREFERS_STRING_CATALOGS = YES;
				MTL_ENABLE_DEBUG_INFO = INCLUDE_SOURCE;
				MTL_FAST_MATH = YES;
				ONLY_ACTIVE_ARCH = YES;
				SDKROOT = iphoneos;
				SWIFT_ACTIVE_COMPILATION_CONDITIONS = "DEBUG $(inherited)";
				SWIFT_OPTIMIZATION_LEVEL = "-Onone";
			};
			name = Debug;
		};
		F303F93F2C3FD20800E9A6FA /* Release */ = {
			isa = XCBuildConfiguration;
			buildSettings = {
				ALWAYS_SEARCH_USER_PATHS = NO;
				ASSETCATALOG_COMPILER_GENERATE_SWIFT_ASSET_SYMBOL_EXTENSIONS = YES;
				CLANG_ANALYZER_NONNULL = YES;
				CLANG_ANALYZER_NUMBER_OBJECT_CONVERSION = YES_AGGRESSIVE;
				CLANG_CXX_LANGUAGE_STANDARD = "gnu++20";
				CLANG_ENABLE_MODULES = YES;
				CLANG_ENABLE_OBJC_ARC = YES;
				CLANG_ENABLE_OBJC_WEAK = YES;
				CLANG_WARN_BLOCK_CAPTURE_AUTORELEASING = YES;
				CLANG_WARN_BOOL_CONVERSION = YES;
				CLANG_WARN_COMMA = YES;
				CLANG_WARN_CONSTANT_CONVERSION = YES;
				CLANG_WARN_DEPRECATED_OBJC_IMPLEMENTATIONS = YES;
				CLANG_WARN_DIRECT_OBJC_ISA_USAGE = YES_ERROR;
				CLANG_WARN_DOCUMENTATION_COMMENTS = YES;
				CLANG_WARN_EMPTY_BODY = YES;
				CLANG_WARN_ENUM_CONVERSION = YES;
				CLANG_WARN_INFINITE_RECURSION = YES;
				CLANG_WARN_INT_CONVERSION = YES;
				CLANG_WARN_NON_LITERAL_NULL_CONVERSION = YES;
				CLANG_WARN_OBJC_IMPLICIT_RETAIN_SELF = YES;
				CLANG_WARN_OBJC_LITERAL_CONVERSION = YES;
				CLANG_WARN_OBJC_ROOT_CLASS = YES_ERROR;
				CLANG_WARN_QUOTED_INCLUDE_IN_FRAMEWORK_HEADER = YES;
				CLANG_WARN_RANGE_LOOP_ANALYSIS = YES;
				CLANG_WARN_STRICT_PROTOTYPES = YES;
				CLANG_WARN_SUSPICIOUS_MOVE = YES;
				CLANG_WARN_UNGUARDED_AVAILABILITY = YES_AGGRESSIVE;
				CLANG_WARN_UNREACHABLE_CODE = YES;
				CLANG_WARN__DUPLICATE_METHOD_MATCH = YES;
				COPY_PHASE_STRIP = NO;
				DEBUG_INFORMATION_FORMAT = "dwarf-with-dsym";
				ENABLE_NS_ASSERTIONS = NO;
				ENABLE_STRICT_OBJC_MSGSEND = YES;
				ENABLE_USER_SCRIPT_SANDBOXING = YES;
				GCC_C_LANGUAGE_STANDARD = gnu17;
				GCC_NO_COMMON_BLOCKS = YES;
				GCC_WARN_64_TO_32_BIT_CONVERSION = YES;
				GCC_WARN_ABOUT_RETURN_TYPE = YES_ERROR;
				GCC_WARN_UNDECLARED_SELECTOR = YES;
				GCC_WARN_UNINITIALIZED_AUTOS = YES_AGGRESSIVE;
				GCC_WARN_UNUSED_FUNCTION = YES;
				GCC_WARN_UNUSED_VARIABLE = YES;
				IPHONEOS_DEPLOYMENT_TARGET = 17.5;
				LOCALIZATION_PREFERS_STRING_CATALOGS = YES;
				MTL_ENABLE_DEBUG_INFO = NO;
				MTL_FAST_MATH = YES;
				SDKROOT = iphoneos;
				SWIFT_COMPILATION_MODE = wholemodule;
				VALIDATE_PRODUCT = YES;
			};
			name = Release;
		};
		F303F9412C3FD20800E9A6FA /* Debug */ = {
			isa = XCBuildConfiguration;
			buildSettings = {
				ASSETCATALOG_COMPILER_APPICON_NAME = AppIcon;
				ASSETCATALOG_COMPILER_GLOBAL_ACCENT_COLOR_NAME = AccentColor;
				CODE_SIGN_STYLE = Automatic;
				CURRENT_PROJECT_VERSION = 1;
				DEVELOPMENT_ASSET_PATHS = "\"ImageTextureMaterial/Preview Content\"";
				DEVELOPMENT_TEAM = MR8M57SP95;
				ENABLE_PREVIEWS = YES;
				GENERATE_INFOPLIST_FILE = YES;
				INFOPLIST_KEY_NSCameraUsageDescription = "";
				INFOPLIST_KEY_UIApplicationSupportsIndirectInputEvents = YES;
				INFOPLIST_KEY_UILaunchScreen_Generation = YES;
				INFOPLIST_KEY_UIRequiredDeviceCapabilities = arkit;
				INFOPLIST_KEY_UIStatusBarHidden = YES;
				INFOPLIST_KEY_UISupportedInterfaceOrientations_iPad = "UIInterfaceOrientationPortrait UIInterfaceOrientationPortraitUpsideDown UIInterfaceOrientationLandscapeLeft UIInterfaceOrientationLandscapeRight";
				INFOPLIST_KEY_UISupportedInterfaceOrientations_iPhone = "UIInterfaceOrientationPortrait UIInterfaceOrientationLandscapeLeft UIInterfaceOrientationLandscapeRight";
				LD_RUNPATH_SEARCH_PATHS = (
					"$(inherited)",
					"@executable_path/Frameworks",
				);
				MARKETING_VERSION = 1.0;
				PRODUCT_BUNDLE_IDENTIFIER = com.fatihemre.ImageTextureMaterial;
				PRODUCT_NAME = "$(TARGET_NAME)";
				SWIFT_EMIT_LOC_STRINGS = YES;
				SWIFT_VERSION = 5.0;
				TARGETED_DEVICE_FAMILY = "1,2";
			};
			name = Debug;
		};
		F303F9422C3FD20800E9A6FA /* Release */ = {
			isa = XCBuildConfiguration;
			buildSettings = {
				ASSETCATALOG_COMPILER_APPICON_NAME = AppIcon;
				ASSETCATALOG_COMPILER_GLOBAL_ACCENT_COLOR_NAME = AccentColor;
				CODE_SIGN_STYLE = Automatic;
				CURRENT_PROJECT_VERSION = 1;
				DEVELOPMENT_ASSET_PATHS = "\"ImageTextureMaterial/Preview Content\"";
				DEVELOPMENT_TEAM = MR8M57SP95;
				ENABLE_PREVIEWS = YES;
				GENERATE_INFOPLIST_FILE = YES;
				INFOPLIST_KEY_NSCameraUsageDescription = "";
				INFOPLIST_KEY_UIApplicationSupportsIndirectInputEvents = YES;
				INFOPLIST_KEY_UILaunchScreen_Generation = YES;
				INFOPLIST_KEY_UIRequiredDeviceCapabilities = arkit;
				INFOPLIST_KEY_UIStatusBarHidden = YES;
				INFOPLIST_KEY_UISupportedInterfaceOrientations_iPad = "UIInterfaceOrientationPortrait UIInterfaceOrientationPortraitUpsideDown UIInterfaceOrientationLandscapeLeft UIInterfaceOrientationLandscapeRight";
				INFOPLIST_KEY_UISupportedInterfaceOrientations_iPhone = "UIInterfaceOrientationPortrait UIInterfaceOrientationLandscapeLeft UIInterfaceOrientationLandscapeRight";
				LD_RUNPATH_SEARCH_PATHS = (
					"$(inherited)",
					"@executable_path/Frameworks",
				);
				MARKETING_VERSION = 1.0;
				PRODUCT_BUNDLE_IDENTIFIER = com.fatihemre.ImageTextureMaterial;
				PRODUCT_NAME = "$(TARGET_NAME)";
				SWIFT_EMIT_LOC_STRINGS = YES;
				SWIFT_VERSION = 5.0;
				TARGETED_DEVICE_FAMILY = "1,2";
			};
			name = Release;
		};
/* End XCBuildConfiguration section */

/* Begin XCConfigurationList section */
		F303F92D2C3FD20500E9A6FA /* Build configuration list for PBXProject "ImageTextureMaterial" */ = {
			isa = XCConfigurationList;
			buildConfigurations = (
				F303F93E2C3FD20800E9A6FA /* Debug */,
				F303F93F2C3FD20800E9A6FA /* Release */,
			);
			defaultConfigurationIsVisible = 0;
			defaultConfigurationName = Release;
		};
		F303F9402C3FD20800E9A6FA /* Build configuration list for PBXNativeTarget "ImageTextureMaterial" */ = {
			isa = XCConfigurationList;
			buildConfigurations = (
				F303F9412C3FD20800E9A6FA /* Debug */,
				F303F9422C3FD20800E9A6FA /* Release */,
			);
			defaultConfigurationIsVisible = 0;
			defaultConfigurationName = Release;
		};
/* End XCConfigurationList section */
	};
	rootObject = F303F92A2C3FD20500E9A6FA /* Project object */;
}
